// !$*UTF8*$!
{
	archiveVersion = 1;
	classes = {
	};
	objectVersion = 46;
	objects = {

/* Begin PBXBuildFile section */
		0A0D24B01B1B5A7400E40800 /* TowerFlow.cpp in Sources */ = {isa = PBXBuildFile; fileRef = 0A0D24AE1B1B5A7400E40800 /* TowerFlow.cpp */; };
		0A49948D1B460DF300430BD4 /* StreamScene.cpp in Sources */ = {isa = PBXBuildFile; fileRef = 0A49948B1B460DF300430BD4 /* StreamScene.cpp */; };
		0A5718671B07BC97005C31BB /* VectorField.cpp in Sources */ = {isa = PBXBuildFile; fileRef = 0A5718651B07BC97005C31BB /* VectorField.cpp */; };
		0A57186B1B0C1259005C31BB /* Ball.cpp in Sources */ = {isa = PBXBuildFile; fileRef = 0A5718691B0C1259005C31BB /* Ball.cpp */; };
		0A5718701B0C2275005C31BB /* Tower.cpp in Sources */ = {isa = PBXBuildFile; fileRef = 0A57186E1B0C2275005C31BB /* Tower.cpp */; };
		0A60DC171B1A0FA10073D720 /* TowerRock.cpp in Sources */ = {isa = PBXBuildFile; fileRef = 0A60DC151B1A0FA10073D720 /* TowerRock.cpp */; };
		0A60DC1C1B1A10460073D720 /* TowerRepeller.cpp in Sources */ = {isa = PBXBuildFile; fileRef = 0A60DC1A1B1A10460073D720 /* TowerRepeller.cpp */; };
		0A7343A91B1B7616008B1890 /* TowerPulse.cpp in Sources */ = {isa = PBXBuildFile; fileRef = 0A7343A71B1B7616008B1890 /* TowerPulse.cpp */; };
		0A78354E1B1A024F0030E2F6 /* FieldParticle.cpp in Sources */ = {isa = PBXBuildFile; fileRef = 0A78354C1B1A024F0030E2F6 /* FieldParticle.cpp */; };
		0A94199E1B701FCE006CDAFD /* guiBaseObject.cpp in Sources */ = {isa = PBXBuildFile; fileRef = 0A9419641B701FCE006CDAFD /* guiBaseObject.cpp */; };
		0A94199F1B701FCE006CDAFD /* guiCallback.cpp in Sources */ = {isa = PBXBuildFile; fileRef = 0A9419661B701FCE006CDAFD /* guiCallback.cpp */; };
		0A9419A01B701FCE006CDAFD /* guiCallbackValue.cpp in Sources */ = {isa = PBXBuildFile; fileRef = 0A9419681B701FCE006CDAFD /* guiCallbackValue.cpp */; };
		0A9419A11B701FCE006CDAFD /* guiColor.cpp in Sources */ = {isa = PBXBuildFile; fileRef = 0A94196A1B701FCE006CDAFD /* guiColor.cpp */; };
		0A9419A21B701FCE006CDAFD /* guiTextBase.cpp in Sources */ = {isa = PBXBuildFile; fileRef = 0A94196E1B701FCE006CDAFD /* guiTextBase.cpp */; };
		0A9419A31B701FCE006CDAFD /* guiType2DSlider.cpp in Sources */ = {isa = PBXBuildFile; fileRef = 0A9419701B701FCE006CDAFD /* guiType2DSlider.cpp */; };
		0A9419A41B701FCE006CDAFD /* guiTypeButtonSlider.cpp in Sources */ = {isa = PBXBuildFile; fileRef = 0A9419721B701FCE006CDAFD /* guiTypeButtonSlider.cpp */; };
		0A9419A51B701FCE006CDAFD /* guiTypeChartPlotter.cpp in Sources */ = {isa = PBXBuildFile; fileRef = 0A9419741B701FCE006CDAFD /* guiTypeChartPlotter.cpp */; };
		0A9419A61B701FCE006CDAFD /* guiTypeCustom.cpp in Sources */ = {isa = PBXBuildFile; fileRef = 0A9419761B701FCE006CDAFD /* guiTypeCustom.cpp */; };
		0A9419A71B701FCE006CDAFD /* guiTypeDrawable.cpp in Sources */ = {isa = PBXBuildFile; fileRef = 0A9419781B701FCE006CDAFD /* guiTypeDrawable.cpp */; };
		0A9419A81B701FCE006CDAFD /* guiTypeFileLister.cpp in Sources */ = {isa = PBXBuildFile; fileRef = 0A94197A1B701FCE006CDAFD /* guiTypeFileLister.cpp */; };
		0A9419A91B701FCE006CDAFD /* guiTypeLabel.cpp in Sources */ = {isa = PBXBuildFile; fileRef = 0A94197C1B701FCE006CDAFD /* guiTypeLabel.cpp */; };
		0A9419AA1B701FCE006CDAFD /* guiTypeLogger.cpp in Sources */ = {isa = PBXBuildFile; fileRef = 0A94197E1B701FCE006CDAFD /* guiTypeLogger.cpp */; };
		0A9419AB1B701FCE006CDAFD /* guiTypeMultiToggle.cpp in Sources */ = {isa = PBXBuildFile; fileRef = 0A9419801B701FCE006CDAFD /* guiTypeMultiToggle.cpp */; };
		0A9419AC1B701FCE006CDAFD /* guiTypePanel.cpp in Sources */ = {isa = PBXBuildFile; fileRef = 0A9419821B701FCE006CDAFD /* guiTypePanel.cpp */; };
		0A9419AD1B701FCE006CDAFD /* guiTypeSlider.cpp in Sources */ = {isa = PBXBuildFile; fileRef = 0A9419841B701FCE006CDAFD /* guiTypeSlider.cpp */; };
		0A9419AE1B701FCE006CDAFD /* guiTypeText.cpp in Sources */ = {isa = PBXBuildFile; fileRef = 0A9419861B701FCE006CDAFD /* guiTypeText.cpp */; };
		0A9419AF1B701FCE006CDAFD /* guiTypeTextDropDown.cpp in Sources */ = {isa = PBXBuildFile; fileRef = 0A9419881B701FCE006CDAFD /* guiTypeTextDropDown.cpp */; };
		0A9419B01B701FCE006CDAFD /* guiTypeTextInput.cpp in Sources */ = {isa = PBXBuildFile; fileRef = 0A94198A1B701FCE006CDAFD /* guiTypeTextInput.cpp */; };
		0A9419B11B701FCE006CDAFD /* guiTypeToggle.cpp in Sources */ = {isa = PBXBuildFile; fileRef = 0A94198C1B701FCE006CDAFD /* guiTypeToggle.cpp */; };
		0A9419B21B701FCE006CDAFD /* guiTypeVairableLister.cpp in Sources */ = {isa = PBXBuildFile; fileRef = 0A94198E1B701FCE006CDAFD /* guiTypeVairableLister.cpp */; };
		0A9419B31B701FCE006CDAFD /* guiTypeVideo.cpp in Sources */ = {isa = PBXBuildFile; fileRef = 0A9419901B701FCE006CDAFD /* guiTypeVideo.cpp */; };
		0A9419B41B701FCE006CDAFD /* guiValue.cpp in Sources */ = {isa = PBXBuildFile; fileRef = 0A9419921B701FCE006CDAFD /* guiValue.cpp */; };
		0A9419B51B701FCE006CDAFD /* ofxControlPanel.cpp in Sources */ = {isa = PBXBuildFile; fileRef = 0A9419961B701FCE006CDAFD /* ofxControlPanel.cpp */; };
		0A9419B61B701FCE006CDAFD /* simpleColor.cpp in Sources */ = {isa = PBXBuildFile; fileRef = 0A9419981B701FCE006CDAFD /* simpleColor.cpp */; };
		0A9419B71B701FCE006CDAFD /* simpleFileLister.cpp in Sources */ = {isa = PBXBuildFile; fileRef = 0A94199A1B701FCE006CDAFD /* simpleFileLister.cpp */; };
		0A9419B81B701FCE006CDAFD /* simpleLogger.cpp in Sources */ = {isa = PBXBuildFile; fileRef = 0A94199C1B701FCE006CDAFD /* simpleLogger.cpp */; };
		0AC0BD361B6D492B008356D9 /* tinyxml.cpp in Sources */ = {isa = PBXBuildFile; fileRef = 0AC0BD2F1B6D492B008356D9 /* tinyxml.cpp */; };
		0AC0BD371B6D492B008356D9 /* tinyxmlerror.cpp in Sources */ = {isa = PBXBuildFile; fileRef = 0AC0BD311B6D492B008356D9 /* tinyxmlerror.cpp */; };
		0AC0BD381B6D492B008356D9 /* tinyxmlparser.cpp in Sources */ = {isa = PBXBuildFile; fileRef = 0AC0BD321B6D492B008356D9 /* tinyxmlparser.cpp */; };
		0AC0BD391B6D492B008356D9 /* ofxXmlSettings.cpp in Sources */ = {isa = PBXBuildFile; fileRef = 0AC0BD341B6D492B008356D9 /* ofxXmlSettings.cpp */; };
		0AE560381B3F0A290081156C /* Scene.cpp in Sources */ = {isa = PBXBuildFile; fileRef = 0AE560361B3F0A290081156C /* Scene.cpp */; };
		0AE5603B1B3F0B600081156C /* CupTracker.cpp in Sources */ = {isa = PBXBuildFile; fileRef = 0AE560391B3F0B600081156C /* CupTracker.cpp */; };
		0AE560401B3F0CEB0081156C /* SportsScene.cpp in Sources */ = {isa = PBXBuildFile; fileRef = 0AE5603E1B3F0CEB0081156C /* SportsScene.cpp */; };
		BBAB23CB13894F3D00AA2426 /* GLUT.framework in CopyFiles */ = {isa = PBXBuildFile; fileRef = BBAB23BE13894E4700AA2426 /* GLUT.framework */; };
		E4328149138ABC9F0047C5CB /* openFrameworksDebug.a in Frameworks */ = {isa = PBXBuildFile; fileRef = E4328148138ABC890047C5CB /* openFrameworksDebug.a */; };
		E45BE97B0E8CC7DD009D7055 /* AGL.framework in Frameworks */ = {isa = PBXBuildFile; fileRef = E45BE9710E8CC7DD009D7055 /* AGL.framework */; };
		E45BE97C0E8CC7DD009D7055 /* ApplicationServices.framework in Frameworks */ = {isa = PBXBuildFile; fileRef = E45BE9720E8CC7DD009D7055 /* ApplicationServices.framework */; };
		E45BE97D0E8CC7DD009D7055 /* AudioToolbox.framework in Frameworks */ = {isa = PBXBuildFile; fileRef = E45BE9730E8CC7DD009D7055 /* AudioToolbox.framework */; };
		E45BE97F0E8CC7DD009D7055 /* CoreAudio.framework in Frameworks */ = {isa = PBXBuildFile; fileRef = E45BE9750E8CC7DD009D7055 /* CoreAudio.framework */; };
		E45BE9800E8CC7DD009D7055 /* CoreFoundation.framework in Frameworks */ = {isa = PBXBuildFile; fileRef = E45BE9760E8CC7DD009D7055 /* CoreFoundation.framework */; };
		E45BE9810E8CC7DD009D7055 /* CoreServices.framework in Frameworks */ = {isa = PBXBuildFile; fileRef = E45BE9770E8CC7DD009D7055 /* CoreServices.framework */; };
		E45BE9830E8CC7DD009D7055 /* OpenGL.framework in Frameworks */ = {isa = PBXBuildFile; fileRef = E45BE9790E8CC7DD009D7055 /* OpenGL.framework */; };
		E45BE9840E8CC7DD009D7055 /* QuickTime.framework in Frameworks */ = {isa = PBXBuildFile; fileRef = E45BE97A0E8CC7DD009D7055 /* QuickTime.framework */; };
		E4B69E200A3A1BDC003C02F2 /* main.cpp in Sources */ = {isa = PBXBuildFile; fileRef = E4B69E1D0A3A1BDC003C02F2 /* main.cpp */; };
		E4B69E210A3A1BDC003C02F2 /* ofApp.cpp in Sources */ = {isa = PBXBuildFile; fileRef = E4B69E1E0A3A1BDC003C02F2 /* ofApp.cpp */; };
		E4C2424710CC5A17004149E2 /* AppKit.framework in Frameworks */ = {isa = PBXBuildFile; fileRef = E4C2424410CC5A17004149E2 /* AppKit.framework */; };
		E4C2424810CC5A17004149E2 /* Cocoa.framework in Frameworks */ = {isa = PBXBuildFile; fileRef = E4C2424510CC5A17004149E2 /* Cocoa.framework */; };
		E4C2424910CC5A17004149E2 /* IOKit.framework in Frameworks */ = {isa = PBXBuildFile; fileRef = E4C2424610CC5A17004149E2 /* IOKit.framework */; };
		E4EB6799138ADC1D00A09F29 /* GLUT.framework in Frameworks */ = {isa = PBXBuildFile; fileRef = BBAB23BE13894E4700AA2426 /* GLUT.framework */; };
		E7E077E515D3B63C0020DFD4 /* CoreVideo.framework in Frameworks */ = {isa = PBXBuildFile; fileRef = E7E077E415D3B63C0020DFD4 /* CoreVideo.framework */; };
		E7E077E815D3B6510020DFD4 /* QTKit.framework in Frameworks */ = {isa = PBXBuildFile; fileRef = E7E077E715D3B6510020DFD4 /* QTKit.framework */; };
		E7F985F815E0DEA3003869B5 /* Accelerate.framework in Frameworks */ = {isa = PBXBuildFile; fileRef = E7F985F515E0DE99003869B5 /* Accelerate.framework */; };
/* End PBXBuildFile section */

/* Begin PBXContainerItemProxy section */
		E4328147138ABC890047C5CB /* PBXContainerItemProxy */ = {
			isa = PBXContainerItemProxy;
			containerPortal = E4328143138ABC890047C5CB /* openFrameworksLib.xcodeproj */;
			proxyType = 2;
			remoteGlobalIDString = E4B27C1510CBEB8E00536013;
			remoteInfo = openFrameworks;
		};
		E4EEB9AB138B136A00A80321 /* PBXContainerItemProxy */ = {
			isa = PBXContainerItemProxy;
			containerPortal = E4328143138ABC890047C5CB /* openFrameworksLib.xcodeproj */;
			proxyType = 1;
			remoteGlobalIDString = E4B27C1410CBEB8E00536013;
			remoteInfo = openFrameworks;
		};
/* End PBXContainerItemProxy section */

/* Begin PBXCopyFilesBuildPhase section */
		E4C2427710CC5ABF004149E2 /* CopyFiles */ = {
			isa = PBXCopyFilesBuildPhase;
			buildActionMask = 2147483647;
			dstPath = "";
			dstSubfolderSpec = 10;
			files = (
				BBAB23CB13894F3D00AA2426 /* GLUT.framework in CopyFiles */,
			);
			runOnlyForDeploymentPostprocessing = 0;
		};
/* End PBXCopyFilesBuildPhase section */

/* Begin PBXFileReference section */
		0A0D24AE1B1B5A7400E40800 /* TowerFlow.cpp */ = {isa = PBXFileReference; fileEncoding = 4; lastKnownFileType = sourcecode.cpp.cpp; path = TowerFlow.cpp; sourceTree = "<group>"; };
		0A0D24AF1B1B5A7400E40800 /* TowerFlow.h */ = {isa = PBXFileReference; fileEncoding = 4; lastKnownFileType = sourcecode.c.h; path = TowerFlow.h; sourceTree = "<group>"; };
		0A49948B1B460DF300430BD4 /* StreamScene.cpp */ = {isa = PBXFileReference; fileEncoding = 4; lastKnownFileType = sourcecode.cpp.cpp; path = StreamScene.cpp; sourceTree = "<group>"; };
		0A49948C1B460DF300430BD4 /* StreamScene.h */ = {isa = PBXFileReference; fileEncoding = 4; lastKnownFileType = sourcecode.c.h; path = StreamScene.h; sourceTree = "<group>"; };
		0A5718651B07BC97005C31BB /* VectorField.cpp */ = {isa = PBXFileReference; fileEncoding = 4; lastKnownFileType = sourcecode.cpp.cpp; path = VectorField.cpp; sourceTree = "<group>"; };
		0A5718661B07BC97005C31BB /* VectorField.h */ = {isa = PBXFileReference; fileEncoding = 4; lastKnownFileType = sourcecode.c.h; path = VectorField.h; sourceTree = "<group>"; };
		0A5718681B07C37D005C31BB /* Utils.h */ = {isa = PBXFileReference; lastKnownFileType = sourcecode.c.h; path = Utils.h; sourceTree = "<group>"; };
		0A5718691B0C1259005C31BB /* Ball.cpp */ = {isa = PBXFileReference; fileEncoding = 4; lastKnownFileType = sourcecode.cpp.cpp; path = Ball.cpp; sourceTree = "<group>"; };
		0A57186A1B0C1259005C31BB /* Ball.h */ = {isa = PBXFileReference; fileEncoding = 4; lastKnownFileType = sourcecode.c.h; path = Ball.h; sourceTree = "<group>"; };
		0A57186E1B0C2275005C31BB /* Tower.cpp */ = {isa = PBXFileReference; fileEncoding = 4; lastKnownFileType = sourcecode.cpp.cpp; path = Tower.cpp; sourceTree = "<group>"; };
		0A57186F1B0C2275005C31BB /* Tower.h */ = {isa = PBXFileReference; fileEncoding = 4; lastKnownFileType = sourcecode.c.h; path = Tower.h; sourceTree = "<group>"; };
		0A60DC151B1A0FA10073D720 /* TowerRock.cpp */ = {isa = PBXFileReference; fileEncoding = 4; lastKnownFileType = sourcecode.cpp.cpp; path = TowerRock.cpp; sourceTree = "<group>"; };
		0A60DC161B1A0FA10073D720 /* TowerRock.h */ = {isa = PBXFileReference; fileEncoding = 4; lastKnownFileType = sourcecode.c.h; path = TowerRock.h; sourceTree = "<group>"; };
		0A60DC1A1B1A10460073D720 /* TowerRepeller.cpp */ = {isa = PBXFileReference; fileEncoding = 4; lastKnownFileType = sourcecode.cpp.cpp; path = TowerRepeller.cpp; sourceTree = "<group>"; };
		0A60DC1B1B1A10460073D720 /* TowerRepeller.h */ = {isa = PBXFileReference; fileEncoding = 4; lastKnownFileType = sourcecode.c.h; path = TowerRepeller.h; sourceTree = "<group>"; };
		0A7343A71B1B7616008B1890 /* TowerPulse.cpp */ = {isa = PBXFileReference; fileEncoding = 4; lastKnownFileType = sourcecode.cpp.cpp; path = TowerPulse.cpp; sourceTree = "<group>"; };
		0A7343A81B1B7616008B1890 /* TowerPulse.h */ = {isa = PBXFileReference; fileEncoding = 4; lastKnownFileType = sourcecode.c.h; path = TowerPulse.h; sourceTree = "<group>"; };
		0A78354C1B1A024F0030E2F6 /* FieldParticle.cpp */ = {isa = PBXFileReference; fileEncoding = 4; lastKnownFileType = sourcecode.cpp.cpp; path = FieldParticle.cpp; sourceTree = "<group>"; };
		0A78354D1B1A024F0030E2F6 /* FieldParticle.h */ = {isa = PBXFileReference; fileEncoding = 4; lastKnownFileType = sourcecode.c.h; path = FieldParticle.h; sourceTree = "<group>"; };
		0A9419641B701FCE006CDAFD /* guiBaseObject.cpp */ = {isa = PBXFileReference; fileEncoding = 4; lastKnownFileType = sourcecode.cpp.cpp; path = guiBaseObject.cpp; sourceTree = "<group>"; };
		0A9419651B701FCE006CDAFD /* guiBaseObject.h */ = {isa = PBXFileReference; fileEncoding = 4; lastKnownFileType = sourcecode.c.h; path = guiBaseObject.h; sourceTree = "<group>"; };
		0A9419661B701FCE006CDAFD /* guiCallback.cpp */ = {isa = PBXFileReference; fileEncoding = 4; lastKnownFileType = sourcecode.cpp.cpp; path = guiCallback.cpp; sourceTree = "<group>"; };
		0A9419671B701FCE006CDAFD /* guiCallback.h */ = {isa = PBXFileReference; fileEncoding = 4; lastKnownFileType = sourcecode.c.h; path = guiCallback.h; sourceTree = "<group>"; };
		0A9419681B701FCE006CDAFD /* guiCallbackValue.cpp */ = {isa = PBXFileReference; fileEncoding = 4; lastKnownFileType = sourcecode.cpp.cpp; path = guiCallbackValue.cpp; sourceTree = "<group>"; };
		0A9419691B701FCE006CDAFD /* guiCallbackValue.h */ = {isa = PBXFileReference; fileEncoding = 4; lastKnownFileType = sourcecode.c.h; path = guiCallbackValue.h; sourceTree = "<group>"; };
		0A94196A1B701FCE006CDAFD /* guiColor.cpp */ = {isa = PBXFileReference; fileEncoding = 4; lastKnownFileType = sourcecode.cpp.cpp; path = guiColor.cpp; sourceTree = "<group>"; };
		0A94196B1B701FCE006CDAFD /* guiColor.h */ = {isa = PBXFileReference; fileEncoding = 4; lastKnownFileType = sourcecode.c.h; path = guiColor.h; sourceTree = "<group>"; };
		0A94196C1B701FCE006CDAFD /* guiCustomImpl.h */ = {isa = PBXFileReference; fileEncoding = 4; lastKnownFileType = sourcecode.c.h; path = guiCustomImpl.h; sourceTree = "<group>"; };
		0A94196D1B701FCE006CDAFD /* guiIncludes.h */ = {isa = PBXFileReference; fileEncoding = 4; lastKnownFileType = sourcecode.c.h; path = guiIncludes.h; sourceTree = "<group>"; };
		0A94196E1B701FCE006CDAFD /* guiTextBase.cpp */ = {isa = PBXFileReference; fileEncoding = 4; lastKnownFileType = sourcecode.cpp.cpp; path = guiTextBase.cpp; sourceTree = "<group>"; };
		0A94196F1B701FCE006CDAFD /* guiTextBase.h */ = {isa = PBXFileReference; fileEncoding = 4; lastKnownFileType = sourcecode.c.h; path = guiTextBase.h; sourceTree = "<group>"; };
		0A9419701B701FCE006CDAFD /* guiType2DSlider.cpp */ = {isa = PBXFileReference; fileEncoding = 4; lastKnownFileType = sourcecode.cpp.cpp; path = guiType2DSlider.cpp; sourceTree = "<group>"; };
		0A9419711B701FCE006CDAFD /* guiType2DSlider.h */ = {isa = PBXFileReference; fileEncoding = 4; lastKnownFileType = sourcecode.c.h; path = guiType2DSlider.h; sourceTree = "<group>"; };
		0A9419721B701FCE006CDAFD /* guiTypeButtonSlider.cpp */ = {isa = PBXFileReference; fileEncoding = 4; lastKnownFileType = sourcecode.cpp.cpp; path = guiTypeButtonSlider.cpp; sourceTree = "<group>"; };
		0A9419731B701FCE006CDAFD /* guiTypeButtonSlider.h */ = {isa = PBXFileReference; fileEncoding = 4; lastKnownFileType = sourcecode.c.h; path = guiTypeButtonSlider.h; sourceTree = "<group>"; };
		0A9419741B701FCE006CDAFD /* guiTypeChartPlotter.cpp */ = {isa = PBXFileReference; fileEncoding = 4; lastKnownFileType = sourcecode.cpp.cpp; path = guiTypeChartPlotter.cpp; sourceTree = "<group>"; };
		0A9419751B701FCE006CDAFD /* guiTypeChartPlotter.h */ = {isa = PBXFileReference; fileEncoding = 4; lastKnownFileType = sourcecode.c.h; path = guiTypeChartPlotter.h; sourceTree = "<group>"; };
		0A9419761B701FCE006CDAFD /* guiTypeCustom.cpp */ = {isa = PBXFileReference; fileEncoding = 4; lastKnownFileType = sourcecode.cpp.cpp; path = guiTypeCustom.cpp; sourceTree = "<group>"; };
		0A9419771B701FCE006CDAFD /* guiTypeCustom.h */ = {isa = PBXFileReference; fileEncoding = 4; lastKnownFileType = sourcecode.c.h; path = guiTypeCustom.h; sourceTree = "<group>"; };
		0A9419781B701FCE006CDAFD /* guiTypeDrawable.cpp */ = {isa = PBXFileReference; fileEncoding = 4; lastKnownFileType = sourcecode.cpp.cpp; path = guiTypeDrawable.cpp; sourceTree = "<group>"; };
		0A9419791B701FCE006CDAFD /* guiTypeDrawable.h */ = {isa = PBXFileReference; fileEncoding = 4; lastKnownFileType = sourcecode.c.h; path = guiTypeDrawable.h; sourceTree = "<group>"; };
		0A94197A1B701FCE006CDAFD /* guiTypeFileLister.cpp */ = {isa = PBXFileReference; fileEncoding = 4; lastKnownFileType = sourcecode.cpp.cpp; path = guiTypeFileLister.cpp; sourceTree = "<group>"; };
		0A94197B1B701FCE006CDAFD /* guiTypeFileLister.h */ = {isa = PBXFileReference; fileEncoding = 4; lastKnownFileType = sourcecode.c.h; path = guiTypeFileLister.h; sourceTree = "<group>"; };
		0A94197C1B701FCE006CDAFD /* guiTypeLabel.cpp */ = {isa = PBXFileReference; fileEncoding = 4; lastKnownFileType = sourcecode.cpp.cpp; path = guiTypeLabel.cpp; sourceTree = "<group>"; };
		0A94197D1B701FCE006CDAFD /* guiTypeLabel.h */ = {isa = PBXFileReference; fileEncoding = 4; lastKnownFileType = sourcecode.c.h; path = guiTypeLabel.h; sourceTree = "<group>"; };
		0A94197E1B701FCE006CDAFD /* guiTypeLogger.cpp */ = {isa = PBXFileReference; fileEncoding = 4; lastKnownFileType = sourcecode.cpp.cpp; path = guiTypeLogger.cpp; sourceTree = "<group>"; };
		0A94197F1B701FCE006CDAFD /* guiTypeLogger.h */ = {isa = PBXFileReference; fileEncoding = 4; lastKnownFileType = sourcecode.c.h; path = guiTypeLogger.h; sourceTree = "<group>"; };
		0A9419801B701FCE006CDAFD /* guiTypeMultiToggle.cpp */ = {isa = PBXFileReference; fileEncoding = 4; lastKnownFileType = sourcecode.cpp.cpp; path = guiTypeMultiToggle.cpp; sourceTree = "<group>"; };
		0A9419811B701FCE006CDAFD /* guiTypeMultiToggle.h */ = {isa = PBXFileReference; fileEncoding = 4; lastKnownFileType = sourcecode.c.h; path = guiTypeMultiToggle.h; sourceTree = "<group>"; };
		0A9419821B701FCE006CDAFD /* guiTypePanel.cpp */ = {isa = PBXFileReference; fileEncoding = 4; lastKnownFileType = sourcecode.cpp.cpp; path = guiTypePanel.cpp; sourceTree = "<group>"; };
		0A9419831B701FCE006CDAFD /* guiTypePanel.h */ = {isa = PBXFileReference; fileEncoding = 4; lastKnownFileType = sourcecode.c.h; path = guiTypePanel.h; sourceTree = "<group>"; };
		0A9419841B701FCE006CDAFD /* guiTypeSlider.cpp */ = {isa = PBXFileReference; fileEncoding = 4; lastKnownFileType = sourcecode.cpp.cpp; path = guiTypeSlider.cpp; sourceTree = "<group>"; };
		0A9419851B701FCE006CDAFD /* guiTypeSlider.h */ = {isa = PBXFileReference; fileEncoding = 4; lastKnownFileType = sourcecode.c.h; path = guiTypeSlider.h; sourceTree = "<group>"; };
		0A9419861B701FCE006CDAFD /* guiTypeText.cpp */ = {isa = PBXFileReference; fileEncoding = 4; lastKnownFileType = sourcecode.cpp.cpp; path = guiTypeText.cpp; sourceTree = "<group>"; };
		0A9419871B701FCE006CDAFD /* guiTypeText.h */ = {isa = PBXFileReference; fileEncoding = 4; lastKnownFileType = sourcecode.c.h; path = guiTypeText.h; sourceTree = "<group>"; };
		0A9419881B701FCE006CDAFD /* guiTypeTextDropDown.cpp */ = {isa = PBXFileReference; fileEncoding = 4; lastKnownFileType = sourcecode.cpp.cpp; path = guiTypeTextDropDown.cpp; sourceTree = "<group>"; };
		0A9419891B701FCE006CDAFD /* guiTypeTextDropDown.h */ = {isa = PBXFileReference; fileEncoding = 4; lastKnownFileType = sourcecode.c.h; path = guiTypeTextDropDown.h; sourceTree = "<group>"; };
		0A94198A1B701FCE006CDAFD /* guiTypeTextInput.cpp */ = {isa = PBXFileReference; fileEncoding = 4; lastKnownFileType = sourcecode.cpp.cpp; path = guiTypeTextInput.cpp; sourceTree = "<group>"; };
		0A94198B1B701FCE006CDAFD /* guiTypeTextInput.h */ = {isa = PBXFileReference; fileEncoding = 4; lastKnownFileType = sourcecode.c.h; path = guiTypeTextInput.h; sourceTree = "<group>"; };
		0A94198C1B701FCE006CDAFD /* guiTypeToggle.cpp */ = {isa = PBXFileReference; fileEncoding = 4; lastKnownFileType = sourcecode.cpp.cpp; path = guiTypeToggle.cpp; sourceTree = "<group>"; };
		0A94198D1B701FCE006CDAFD /* guiTypeToggle.h */ = {isa = PBXFileReference; fileEncoding = 4; lastKnownFileType = sourcecode.c.h; path = guiTypeToggle.h; sourceTree = "<group>"; };
		0A94198E1B701FCE006CDAFD /* guiTypeVairableLister.cpp */ = {isa = PBXFileReference; fileEncoding = 4; lastKnownFileType = sourcecode.cpp.cpp; path = guiTypeVairableLister.cpp; sourceTree = "<group>"; };
		0A94198F1B701FCE006CDAFD /* guiTypeVairableLister.h */ = {isa = PBXFileReference; fileEncoding = 4; lastKnownFileType = sourcecode.c.h; path = guiTypeVairableLister.h; sourceTree = "<group>"; };
		0A9419901B701FCE006CDAFD /* guiTypeVideo.cpp */ = {isa = PBXFileReference; fileEncoding = 4; lastKnownFileType = sourcecode.cpp.cpp; path = guiTypeVideo.cpp; sourceTree = "<group>"; };
		0A9419911B701FCE006CDAFD /* guiTypeVideo.h */ = {isa = PBXFileReference; fileEncoding = 4; lastKnownFileType = sourcecode.c.h; path = guiTypeVideo.h; sourceTree = "<group>"; };
		0A9419921B701FCE006CDAFD /* guiValue.cpp */ = {isa = PBXFileReference; fileEncoding = 4; lastKnownFileType = sourcecode.cpp.cpp; path = guiValue.cpp; sourceTree = "<group>"; };
		0A9419931B701FCE006CDAFD /* guiValue.h */ = {isa = PBXFileReference; fileEncoding = 4; lastKnownFileType = sourcecode.c.h; path = guiValue.h; sourceTree = "<group>"; };
		0A9419941B701FCE006CDAFD /* guiVariablePointer.h */ = {isa = PBXFileReference; fileEncoding = 4; lastKnownFileType = sourcecode.c.h; path = guiVariablePointer.h; sourceTree = "<group>"; };
		0A9419951B701FCE006CDAFD /* guiXmlValue.h */ = {isa = PBXFileReference; fileEncoding = 4; lastKnownFileType = sourcecode.c.h; path = guiXmlValue.h; sourceTree = "<group>"; };
		0A9419961B701FCE006CDAFD /* ofxControlPanel.cpp */ = {isa = PBXFileReference; fileEncoding = 4; lastKnownFileType = sourcecode.cpp.cpp; path = ofxControlPanel.cpp; sourceTree = "<group>"; };
		0A9419971B701FCE006CDAFD /* ofxControlPanel.h */ = {isa = PBXFileReference; fileEncoding = 4; lastKnownFileType = sourcecode.c.h; path = ofxControlPanel.h; sourceTree = "<group>"; };
		0A9419981B701FCE006CDAFD /* simpleColor.cpp */ = {isa = PBXFileReference; fileEncoding = 4; lastKnownFileType = sourcecode.cpp.cpp; path = simpleColor.cpp; sourceTree = "<group>"; };
		0A9419991B701FCE006CDAFD /* simpleColor.h */ = {isa = PBXFileReference; fileEncoding = 4; lastKnownFileType = sourcecode.c.h; path = simpleColor.h; sourceTree = "<group>"; };
		0A94199A1B701FCE006CDAFD /* simpleFileLister.cpp */ = {isa = PBXFileReference; fileEncoding = 4; lastKnownFileType = sourcecode.cpp.cpp; path = simpleFileLister.cpp; sourceTree = "<group>"; };
		0A94199B1B701FCE006CDAFD /* simpleFileLister.h */ = {isa = PBXFileReference; fileEncoding = 4; lastKnownFileType = sourcecode.c.h; path = simpleFileLister.h; sourceTree = "<group>"; };
		0A94199C1B701FCE006CDAFD /* simpleLogger.cpp */ = {isa = PBXFileReference; fileEncoding = 4; lastKnownFileType = sourcecode.cpp.cpp; path = simpleLogger.cpp; sourceTree = "<group>"; };
		0A94199D1B701FCE006CDAFD /* simpleLogger.h */ = {isa = PBXFileReference; fileEncoding = 4; lastKnownFileType = sourcecode.c.h; path = simpleLogger.h; sourceTree = "<group>"; };
		0A9419BC1B7021B0006CDAFD /* Instructions.txt */ = {isa = PBXFileReference; fileEncoding = 4; lastKnownFileType = text; path = Instructions.txt; sourceTree = "<group>"; };
		0A9419BD1B7021B0006CDAFD /* install.xml */ = {isa = PBXFileReference; fileEncoding = 4; lastKnownFileType = text.xml; path = install.xml; sourceTree = "<group>"; };
		0A9419BF1B7021B0006CDAFD /* ofxDirList.h */ = {isa = PBXFileReference; fileEncoding = 4; lastKnownFileType = sourcecode.c.h; path = ofxDirList.h; sourceTree = "<group>"; };
		0AC0BD2F1B6D492B008356D9 /* tinyxml.cpp */ = {isa = PBXFileReference; fileEncoding = 4; lastKnownFileType = sourcecode.cpp.cpp; path = tinyxml.cpp; sourceTree = "<group>"; };
		0AC0BD301B6D492B008356D9 /* tinyxml.h */ = {isa = PBXFileReference; fileEncoding = 4; lastKnownFileType = sourcecode.c.h; path = tinyxml.h; sourceTree = "<group>"; };
		0AC0BD311B6D492B008356D9 /* tinyxmlerror.cpp */ = {isa = PBXFileReference; fileEncoding = 4; lastKnownFileType = sourcecode.cpp.cpp; path = tinyxmlerror.cpp; sourceTree = "<group>"; };
		0AC0BD321B6D492B008356D9 /* tinyxmlparser.cpp */ = {isa = PBXFileReference; fileEncoding = 4; lastKnownFileType = sourcecode.cpp.cpp; path = tinyxmlparser.cpp; sourceTree = "<group>"; };
		0AC0BD341B6D492B008356D9 /* ofxXmlSettings.cpp */ = {isa = PBXFileReference; fileEncoding = 4; lastKnownFileType = sourcecode.cpp.cpp; path = ofxXmlSettings.cpp; sourceTree = "<group>"; };
		0AC0BD351B6D492B008356D9 /* ofxXmlSettings.h */ = {isa = PBXFileReference; fileEncoding = 4; lastKnownFileType = sourcecode.c.h; path = ofxXmlSettings.h; sourceTree = "<group>"; };
		0AE560361B3F0A290081156C /* Scene.cpp */ = {isa = PBXFileReference; fileEncoding = 4; lastKnownFileType = sourcecode.cpp.cpp; path = Scene.cpp; sourceTree = "<group>"; };
		0AE560371B3F0A290081156C /* Scene.h */ = {isa = PBXFileReference; fileEncoding = 4; lastKnownFileType = sourcecode.c.h; path = Scene.h; sourceTree = "<group>"; };
		0AE560391B3F0B600081156C /* CupTracker.cpp */ = {isa = PBXFileReference; fileEncoding = 4; lastKnownFileType = sourcecode.cpp.cpp; path = CupTracker.cpp; sourceTree = "<group>"; };
		0AE5603A1B3F0B600081156C /* CupTracker.h */ = {isa = PBXFileReference; fileEncoding = 4; lastKnownFileType = sourcecode.c.h; path = CupTracker.h; sourceTree = "<group>"; };
		0AE5603C1B3F0C300081156C /* CupInfo.h */ = {isa = PBXFileReference; lastKnownFileType = sourcecode.c.h; path = CupInfo.h; sourceTree = "<group>"; };
		0AE5603E1B3F0CEB0081156C /* SportsScene.cpp */ = {isa = PBXFileReference; fileEncoding = 4; lastKnownFileType = sourcecode.cpp.cpp; path = SportsScene.cpp; sourceTree = "<group>"; };
		0AE5603F1B3F0CEB0081156C /* SportsScene.h */ = {isa = PBXFileReference; fileEncoding = 4; lastKnownFileType = sourcecode.c.h; path = SportsScene.h; sourceTree = "<group>"; };
		BBAB23BE13894E4700AA2426 /* GLUT.framework */ = {isa = PBXFileReference; lastKnownFileType = wrapper.framework; name = GLUT.framework; path = ../../../libs/glut/lib/osx/GLUT.framework; sourceTree = "<group>"; };
		E4328143138ABC890047C5CB /* openFrameworksLib.xcodeproj */ = {isa = PBXFileReference; lastKnownFileType = "wrapper.pb-project"; name = openFrameworksLib.xcodeproj; path = ../../../libs/openFrameworksCompiled/project/osx/openFrameworksLib.xcodeproj; sourceTree = SOURCE_ROOT; };
		E45BE9710E8CC7DD009D7055 /* AGL.framework */ = {isa = PBXFileReference; lastKnownFileType = wrapper.framework; name = AGL.framework; path = /System/Library/Frameworks/AGL.framework; sourceTree = "<absolute>"; };
		E45BE9720E8CC7DD009D7055 /* ApplicationServices.framework */ = {isa = PBXFileReference; lastKnownFileType = wrapper.framework; name = ApplicationServices.framework; path = /System/Library/Frameworks/ApplicationServices.framework; sourceTree = "<absolute>"; };
		E45BE9730E8CC7DD009D7055 /* AudioToolbox.framework */ = {isa = PBXFileReference; lastKnownFileType = wrapper.framework; name = AudioToolbox.framework; path = /System/Library/Frameworks/AudioToolbox.framework; sourceTree = "<absolute>"; };
		E45BE9750E8CC7DD009D7055 /* CoreAudio.framework */ = {isa = PBXFileReference; lastKnownFileType = wrapper.framework; name = CoreAudio.framework; path = /System/Library/Frameworks/CoreAudio.framework; sourceTree = "<absolute>"; };
		E45BE9760E8CC7DD009D7055 /* CoreFoundation.framework */ = {isa = PBXFileReference; lastKnownFileType = wrapper.framework; name = CoreFoundation.framework; path = /System/Library/Frameworks/CoreFoundation.framework; sourceTree = "<absolute>"; };
		E45BE9770E8CC7DD009D7055 /* CoreServices.framework */ = {isa = PBXFileReference; lastKnownFileType = wrapper.framework; name = CoreServices.framework; path = /System/Library/Frameworks/CoreServices.framework; sourceTree = "<absolute>"; };
		E45BE9790E8CC7DD009D7055 /* OpenGL.framework */ = {isa = PBXFileReference; lastKnownFileType = wrapper.framework; name = OpenGL.framework; path = /System/Library/Frameworks/OpenGL.framework; sourceTree = "<absolute>"; };
		E45BE97A0E8CC7DD009D7055 /* QuickTime.framework */ = {isa = PBXFileReference; lastKnownFileType = wrapper.framework; name = QuickTime.framework; path = /System/Library/Frameworks/QuickTime.framework; sourceTree = "<absolute>"; };
		E4B69B5B0A3A1756003C02F2 /* TabelToyDebug.app */ = {isa = PBXFileReference; explicitFileType = wrapper.application; includeInIndex = 0; path = TabelToyDebug.app; sourceTree = BUILT_PRODUCTS_DIR; };
		E4B69E1D0A3A1BDC003C02F2 /* main.cpp */ = {isa = PBXFileReference; fileEncoding = 30; lastKnownFileType = sourcecode.cpp.cpp; name = main.cpp; path = src/main.cpp; sourceTree = SOURCE_ROOT; };
		E4B69E1E0A3A1BDC003C02F2 /* ofApp.cpp */ = {isa = PBXFileReference; explicitFileType = sourcecode.cpp.cpp; fileEncoding = 30; name = ofApp.cpp; path = src/ofApp.cpp; sourceTree = SOURCE_ROOT; };
		E4B69E1F0A3A1BDC003C02F2 /* ofApp.h */ = {isa = PBXFileReference; fileEncoding = 30; lastKnownFileType = sourcecode.c.h; name = ofApp.h; path = src/ofApp.h; sourceTree = SOURCE_ROOT; };
		E4B6FCAD0C3E899E008CF71C /* openFrameworks-Info.plist */ = {isa = PBXFileReference; fileEncoding = 30; lastKnownFileType = text.plist.xml; path = "openFrameworks-Info.plist"; sourceTree = "<group>"; };
		E4C2424410CC5A17004149E2 /* AppKit.framework */ = {isa = PBXFileReference; lastKnownFileType = wrapper.framework; name = AppKit.framework; path = /System/Library/Frameworks/AppKit.framework; sourceTree = "<absolute>"; };
		E4C2424510CC5A17004149E2 /* Cocoa.framework */ = {isa = PBXFileReference; lastKnownFileType = wrapper.framework; name = Cocoa.framework; path = /System/Library/Frameworks/Cocoa.framework; sourceTree = "<absolute>"; };
		E4C2424610CC5A17004149E2 /* IOKit.framework */ = {isa = PBXFileReference; lastKnownFileType = wrapper.framework; name = IOKit.framework; path = /System/Library/Frameworks/IOKit.framework; sourceTree = "<absolute>"; };
		E4EB691F138AFCF100A09F29 /* CoreOF.xcconfig */ = {isa = PBXFileReference; fileEncoding = 4; lastKnownFileType = text.xcconfig; name = CoreOF.xcconfig; path = ../../../libs/openFrameworksCompiled/project/osx/CoreOF.xcconfig; sourceTree = SOURCE_ROOT; };
		E4EB6923138AFD0F00A09F29 /* Project.xcconfig */ = {isa = PBXFileReference; fileEncoding = 4; lastKnownFileType = text.xcconfig; path = Project.xcconfig; sourceTree = "<group>"; };
		E7E077E415D3B63C0020DFD4 /* CoreVideo.framework */ = {isa = PBXFileReference; lastKnownFileType = wrapper.framework; name = CoreVideo.framework; path = /System/Library/Frameworks/CoreVideo.framework; sourceTree = "<absolute>"; };
		E7E077E715D3B6510020DFD4 /* QTKit.framework */ = {isa = PBXFileReference; lastKnownFileType = wrapper.framework; name = QTKit.framework; path = /System/Library/Frameworks/QTKit.framework; sourceTree = "<absolute>"; };
		E7F985F515E0DE99003869B5 /* Accelerate.framework */ = {isa = PBXFileReference; lastKnownFileType = wrapper.framework; name = Accelerate.framework; path = /System/Library/Frameworks/Accelerate.framework; sourceTree = "<absolute>"; };
/* End PBXFileReference section */

/* Begin PBXFrameworksBuildPhase section */
		E4B69B590A3A1756003C02F2 /* Frameworks */ = {
			isa = PBXFrameworksBuildPhase;
			buildActionMask = 2147483647;
			files = (
				E7F985F815E0DEA3003869B5 /* Accelerate.framework in Frameworks */,
				E7E077E815D3B6510020DFD4 /* QTKit.framework in Frameworks */,
				E4EB6799138ADC1D00A09F29 /* GLUT.framework in Frameworks */,
				E4328149138ABC9F0047C5CB /* openFrameworksDebug.a in Frameworks */,
				E45BE97B0E8CC7DD009D7055 /* AGL.framework in Frameworks */,
				E45BE97C0E8CC7DD009D7055 /* ApplicationServices.framework in Frameworks */,
				E45BE97D0E8CC7DD009D7055 /* AudioToolbox.framework in Frameworks */,
				E45BE97F0E8CC7DD009D7055 /* CoreAudio.framework in Frameworks */,
				E45BE9800E8CC7DD009D7055 /* CoreFoundation.framework in Frameworks */,
				E45BE9810E8CC7DD009D7055 /* CoreServices.framework in Frameworks */,
				E45BE9830E8CC7DD009D7055 /* OpenGL.framework in Frameworks */,
				E45BE9840E8CC7DD009D7055 /* QuickTime.framework in Frameworks */,
				E4C2424710CC5A17004149E2 /* AppKit.framework in Frameworks */,
				E4C2424810CC5A17004149E2 /* Cocoa.framework in Frameworks */,
				E4C2424910CC5A17004149E2 /* IOKit.framework in Frameworks */,
				E7E077E515D3B63C0020DFD4 /* CoreVideo.framework in Frameworks */,
			);
			runOnlyForDeploymentPostprocessing = 0;
		};
/* End PBXFrameworksBuildPhase section */

/* Begin PBXGroup section */
		0A60DC141B1A0F860073D720 /* Tower */ = {
			isa = PBXGroup;
			children = (
				0A57186F1B0C2275005C31BB /* Tower.h */,
				0A57186E1B0C2275005C31BB /* Tower.cpp */,
				0A60DC161B1A0FA10073D720 /* TowerRock.h */,
				0A60DC151B1A0FA10073D720 /* TowerRock.cpp */,
				0A60DC1B1B1A10460073D720 /* TowerRepeller.h */,
				0A60DC1A1B1A10460073D720 /* TowerRepeller.cpp */,
				0A0D24AF1B1B5A7400E40800 /* TowerFlow.h */,
				0A0D24AE1B1B5A7400E40800 /* TowerFlow.cpp */,
				0A7343A81B1B7616008B1890 /* TowerPulse.h */,
				0A7343A71B1B7616008B1890 /* TowerPulse.cpp */,
			);
			name = Tower;
			sourceTree = "<group>";
		};
		0A9419621B701FCE006CDAFD /* ofxControlPanel */ = {
			isa = PBXGroup;
			children = (
				0A9419631B701FCE006CDAFD /* src */,
			);
			name = ofxControlPanel;
			path = src/addons/ofxControlPanel;
			sourceTree = "<group>";
		};
		0A9419631B701FCE006CDAFD /* src */ = {
			isa = PBXGroup;
			children = (
				0A9419641B701FCE006CDAFD /* guiBaseObject.cpp */,
				0A9419651B701FCE006CDAFD /* guiBaseObject.h */,
				0A9419661B701FCE006CDAFD /* guiCallback.cpp */,
				0A9419671B701FCE006CDAFD /* guiCallback.h */,
				0A9419681B701FCE006CDAFD /* guiCallbackValue.cpp */,
				0A9419691B701FCE006CDAFD /* guiCallbackValue.h */,
				0A94196A1B701FCE006CDAFD /* guiColor.cpp */,
				0A94196B1B701FCE006CDAFD /* guiColor.h */,
				0A94196C1B701FCE006CDAFD /* guiCustomImpl.h */,
				0A94196D1B701FCE006CDAFD /* guiIncludes.h */,
				0A94196E1B701FCE006CDAFD /* guiTextBase.cpp */,
				0A94196F1B701FCE006CDAFD /* guiTextBase.h */,
				0A9419701B701FCE006CDAFD /* guiType2DSlider.cpp */,
				0A9419711B701FCE006CDAFD /* guiType2DSlider.h */,
				0A9419721B701FCE006CDAFD /* guiTypeButtonSlider.cpp */,
				0A9419731B701FCE006CDAFD /* guiTypeButtonSlider.h */,
				0A9419741B701FCE006CDAFD /* guiTypeChartPlotter.cpp */,
				0A9419751B701FCE006CDAFD /* guiTypeChartPlotter.h */,
				0A9419761B701FCE006CDAFD /* guiTypeCustom.cpp */,
				0A9419771B701FCE006CDAFD /* guiTypeCustom.h */,
				0A9419781B701FCE006CDAFD /* guiTypeDrawable.cpp */,
				0A9419791B701FCE006CDAFD /* guiTypeDrawable.h */,
				0A94197A1B701FCE006CDAFD /* guiTypeFileLister.cpp */,
				0A94197B1B701FCE006CDAFD /* guiTypeFileLister.h */,
				0A94197C1B701FCE006CDAFD /* guiTypeLabel.cpp */,
				0A94197D1B701FCE006CDAFD /* guiTypeLabel.h */,
				0A94197E1B701FCE006CDAFD /* guiTypeLogger.cpp */,
				0A94197F1B701FCE006CDAFD /* guiTypeLogger.h */,
				0A9419801B701FCE006CDAFD /* guiTypeMultiToggle.cpp */,
				0A9419811B701FCE006CDAFD /* guiTypeMultiToggle.h */,
				0A9419821B701FCE006CDAFD /* guiTypePanel.cpp */,
				0A9419831B701FCE006CDAFD /* guiTypePanel.h */,
				0A9419841B701FCE006CDAFD /* guiTypeSlider.cpp */,
				0A9419851B701FCE006CDAFD /* guiTypeSlider.h */,
				0A9419861B701FCE006CDAFD /* guiTypeText.cpp */,
				0A9419871B701FCE006CDAFD /* guiTypeText.h */,
				0A9419881B701FCE006CDAFD /* guiTypeTextDropDown.cpp */,
				0A9419891B701FCE006CDAFD /* guiTypeTextDropDown.h */,
				0A94198A1B701FCE006CDAFD /* guiTypeTextInput.cpp */,
				0A94198B1B701FCE006CDAFD /* guiTypeTextInput.h */,
				0A94198C1B701FCE006CDAFD /* guiTypeToggle.cpp */,
				0A94198D1B701FCE006CDAFD /* guiTypeToggle.h */,
				0A94198E1B701FCE006CDAFD /* guiTypeVairableLister.cpp */,
				0A94198F1B701FCE006CDAFD /* guiTypeVairableLister.h */,
				0A9419901B701FCE006CDAFD /* guiTypeVideo.cpp */,
				0A9419911B701FCE006CDAFD /* guiTypeVideo.h */,
				0A9419921B701FCE006CDAFD /* guiValue.cpp */,
				0A9419931B701FCE006CDAFD /* guiValue.h */,
				0A9419941B701FCE006CDAFD /* guiVariablePointer.h */,
				0A9419951B701FCE006CDAFD /* guiXmlValue.h */,
				0A9419961B701FCE006CDAFD /* ofxControlPanel.cpp */,
				0A9419971B701FCE006CDAFD /* ofxControlPanel.h */,
				0A9419981B701FCE006CDAFD /* simpleColor.cpp */,
				0A9419991B701FCE006CDAFD /* simpleColor.h */,
				0A94199A1B701FCE006CDAFD /* simpleFileLister.cpp */,
				0A94199B1B701FCE006CDAFD /* simpleFileLister.h */,
				0A94199C1B701FCE006CDAFD /* simpleLogger.cpp */,
				0A94199D1B701FCE006CDAFD /* simpleLogger.h */,
			);
			path = src;
			sourceTree = "<group>";
		};
		0A9419BA1B7021B0006CDAFD /* ofxDirList */ = {
			isa = PBXGroup;
			children = (
				0A9419BB1B7021B0006CDAFD /* doc */,
				0A9419BD1B7021B0006CDAFD /* install.xml */,
				0A9419BE1B7021B0006CDAFD /* src */,
			);
			name = ofxDirList;
			path = src/addons/ofxDirList;
			sourceTree = "<group>";
		};
		0A9419BB1B7021B0006CDAFD /* doc */ = {
			isa = PBXGroup;
			children = (
				0A9419BC1B7021B0006CDAFD /* Instructions.txt */,
			);
			path = doc;
			sourceTree = "<group>";
		};
		0A9419BE1B7021B0006CDAFD /* src */ = {
			isa = PBXGroup;
			children = (
				0A9419BF1B7021B0006CDAFD /* ofxDirList.h */,
			);
			path = src;
			sourceTree = "<group>";
		};
		0AC0BD2D1B6D492B008356D9 /* ofxXmlSettings */ = {
			isa = PBXGroup;
			children = (
				0AC0BD2E1B6D492B008356D9 /* libs */,
				0AC0BD331B6D492B008356D9 /* src */,
			);
			name = ofxXmlSettings;
			path = src/addons/ofxXmlSettings;
			sourceTree = "<group>";
		};
		0AC0BD2E1B6D492B008356D9 /* libs */ = {
			isa = PBXGroup;
			children = (
				0AC0BD2F1B6D492B008356D9 /* tinyxml.cpp */,
				0AC0BD301B6D492B008356D9 /* tinyxml.h */,
				0AC0BD311B6D492B008356D9 /* tinyxmlerror.cpp */,
				0AC0BD321B6D492B008356D9 /* tinyxmlparser.cpp */,
			);
			path = libs;
			sourceTree = "<group>";
		};
		0AC0BD331B6D492B008356D9 /* src */ = {
			isa = PBXGroup;
			children = (
				0AC0BD341B6D492B008356D9 /* ofxXmlSettings.cpp */,
				0AC0BD351B6D492B008356D9 /* ofxXmlSettings.h */,
			);
			path = src;
			sourceTree = "<group>";
		};
		0AE5603D1B3F0CCA0081156C /* Scenes */ = {
			isa = PBXGroup;
			children = (
				0AE560371B3F0A290081156C /* Scene.h */,
				0AE560361B3F0A290081156C /* Scene.cpp */,
				0AE5603F1B3F0CEB0081156C /* SportsScene.h */,
				0AE5603E1B3F0CEB0081156C /* SportsScene.cpp */,
				0A57186A1B0C1259005C31BB /* Ball.h */,
				0A5718691B0C1259005C31BB /* Ball.cpp */,
				0A49948C1B460DF300430BD4 /* StreamScene.h */,
				0A49948B1B460DF300430BD4 /* StreamScene.cpp */,
			);
			name = Scenes;
			sourceTree = "<group>";
		};
		0AE901AA1B461763006730B9 /* RealWorldTracking */ = {
			isa = PBXGroup;
			children = (
				0AE5603A1B3F0B600081156C /* CupTracker.h */,
				0AE560391B3F0B600081156C /* CupTracker.cpp */,
				0AE5603C1B3F0C300081156C /* CupInfo.h */,
			);
			name = RealWorldTracking;
			sourceTree = "<group>";
		};
		BB4B014C10F69532006C3DED /* addons */ = {
			isa = PBXGroup;
			children = (
				0A9419BA1B7021B0006CDAFD /* ofxDirList */,
				0A9419621B701FCE006CDAFD /* ofxControlPanel */,
				0AC0BD2D1B6D492B008356D9 /* ofxXmlSettings */,
			);
			name = addons;
			sourceTree = "<group>";
		};
		BBAB23C913894ECA00AA2426 /* system frameworks */ = {
			isa = PBXGroup;
			children = (
				E7F985F515E0DE99003869B5 /* Accelerate.framework */,
				E4C2424410CC5A17004149E2 /* AppKit.framework */,
				E4C2424510CC5A17004149E2 /* Cocoa.framework */,
				E4C2424610CC5A17004149E2 /* IOKit.framework */,
				E45BE9710E8CC7DD009D7055 /* AGL.framework */,
				E45BE9720E8CC7DD009D7055 /* ApplicationServices.framework */,
				E45BE9730E8CC7DD009D7055 /* AudioToolbox.framework */,
				E45BE9750E8CC7DD009D7055 /* CoreAudio.framework */,
				E45BE9760E8CC7DD009D7055 /* CoreFoundation.framework */,
				E45BE9770E8CC7DD009D7055 /* CoreServices.framework */,
				E45BE9790E8CC7DD009D7055 /* OpenGL.framework */,
				E45BE97A0E8CC7DD009D7055 /* QuickTime.framework */,
				E7E077E415D3B63C0020DFD4 /* CoreVideo.framework */,
				E7E077E715D3B6510020DFD4 /* QTKit.framework */,
			);
			name = "system frameworks";
			sourceTree = "<group>";
		};
		BBAB23CA13894EDB00AA2426 /* 3rd party frameworks */ = {
			isa = PBXGroup;
			children = (
				BBAB23BE13894E4700AA2426 /* GLUT.framework */,
			);
			name = "3rd party frameworks";
			sourceTree = "<group>";
		};
		E4328144138ABC890047C5CB /* Products */ = {
			isa = PBXGroup;
			children = (
				E4328148138ABC890047C5CB /* openFrameworksDebug.a */,
			);
			name = Products;
			sourceTree = "<group>";
		};
		E45BE5980E8CC70C009D7055 /* frameworks */ = {
			isa = PBXGroup;
			children = (
				BBAB23CA13894EDB00AA2426 /* 3rd party frameworks */,
				BBAB23C913894ECA00AA2426 /* system frameworks */,
			);
			name = frameworks;
			sourceTree = "<group>";
		};
		E4B69B4A0A3A1720003C02F2 = {
			isa = PBXGroup;
			children = (
				E4B6FCAD0C3E899E008CF71C /* openFrameworks-Info.plist */,
				E4EB6923138AFD0F00A09F29 /* Project.xcconfig */,
				E4B69E1C0A3A1BDC003C02F2 /* src */,
				E4EEC9E9138DF44700A80321 /* openFrameworks */,
				BB4B014C10F69532006C3DED /* addons */,
				E45BE5980E8CC70C009D7055 /* frameworks */,
				E4B69B5B0A3A1756003C02F2 /* TabelToyDebug.app */,
			);
			sourceTree = "<group>";
		};
		E4B69E1C0A3A1BDC003C02F2 /* src */ = {
			isa = PBXGroup;
			children = (
				0A5718681B07C37D005C31BB /* Utils.h */,
				0AE901AA1B461763006730B9 /* RealWorldTracking */,
				0AE5603D1B3F0CCA0081156C /* Scenes */,
				0A60DC141B1A0F860073D720 /* Tower */,
				E4B69E1D0A3A1BDC003C02F2 /* main.cpp */,
				E4B69E1F0A3A1BDC003C02F2 /* ofApp.h */,
				E4B69E1E0A3A1BDC003C02F2 /* ofApp.cpp */,
				0A5718661B07BC97005C31BB /* VectorField.h */,
				0A5718651B07BC97005C31BB /* VectorField.cpp */,
				0A78354D1B1A024F0030E2F6 /* FieldParticle.h */,
				0A78354C1B1A024F0030E2F6 /* FieldParticle.cpp */,
			);
			path = src;
			sourceTree = SOURCE_ROOT;
		};
		E4EEC9E9138DF44700A80321 /* openFrameworks */ = {
			isa = PBXGroup;
			children = (
				E4EB691F138AFCF100A09F29 /* CoreOF.xcconfig */,
				E4328143138ABC890047C5CB /* openFrameworksLib.xcodeproj */,
			);
			name = openFrameworks;
			sourceTree = "<group>";
		};
/* End PBXGroup section */

/* Begin PBXNativeTarget section */
		E4B69B5A0A3A1756003C02F2 /* TabelToy */ = {
			isa = PBXNativeTarget;
			buildConfigurationList = E4B69B5F0A3A1757003C02F2 /* Build configuration list for PBXNativeTarget "TabelToy" */;
			buildPhases = (
				E4B69B580A3A1756003C02F2 /* Sources */,
				E4B69B590A3A1756003C02F2 /* Frameworks */,
				E4B6FFFD0C3F9AB9008CF71C /* ShellScript */,
				E4C2427710CC5ABF004149E2 /* CopyFiles */,
			);
			buildRules = (
			);
			dependencies = (
				E4EEB9AC138B136A00A80321 /* PBXTargetDependency */,
			);
			name = TabelToy;
			productName = myOFApp;
			productReference = E4B69B5B0A3A1756003C02F2 /* TabelToyDebug.app */;
			productType = "com.apple.product-type.application";
		};
/* End PBXNativeTarget section */

/* Begin PBXProject section */
		E4B69B4C0A3A1720003C02F2 /* Project object */ = {
			isa = PBXProject;
			attributes = {
				LastUpgradeCheck = 0460;
			};
			buildConfigurationList = E4B69B4D0A3A1720003C02F2 /* Build configuration list for PBXProject "TabelToy" */;
			compatibilityVersion = "Xcode 3.2";
			developmentRegion = English;
			hasScannedForEncodings = 0;
			knownRegions = (
				English,
				Japanese,
				French,
				German,
			);
			mainGroup = E4B69B4A0A3A1720003C02F2;
			productRefGroup = E4B69B4A0A3A1720003C02F2;
			projectDirPath = "";
			projectReferences = (
				{
					ProductGroup = E4328144138ABC890047C5CB /* Products */;
					ProjectRef = E4328143138ABC890047C5CB /* openFrameworksLib.xcodeproj */;
				},
			);
			projectRoot = "";
			targets = (
				E4B69B5A0A3A1756003C02F2 /* TabelToy */,
			);
		};
/* End PBXProject section */

/* Begin PBXReferenceProxy section */
		E4328148138ABC890047C5CB /* openFrameworksDebug.a */ = {
			isa = PBXReferenceProxy;
			fileType = archive.ar;
			path = openFrameworksDebug.a;
			remoteRef = E4328147138ABC890047C5CB /* PBXContainerItemProxy */;
			sourceTree = BUILT_PRODUCTS_DIR;
		};
/* End PBXReferenceProxy section */

/* Begin PBXShellScriptBuildPhase section */
		E4B6FFFD0C3F9AB9008CF71C /* ShellScript */ = {
			isa = PBXShellScriptBuildPhase;
			buildActionMask = 2147483647;
			files = (
			);
			inputPaths = (
			);
			outputPaths = (
			);
			runOnlyForDeploymentPostprocessing = 0;
			shellPath = /bin/sh;
			shellScript = "cp -f ../../../libs/fmodex/lib/osx/libfmodex.dylib \"$TARGET_BUILD_DIR/$PRODUCT_NAME.app/Contents/MacOS/libfmodex.dylib\"; install_name_tool -change ./libfmodex.dylib @executable_path/libfmodex.dylib \"$TARGET_BUILD_DIR/$PRODUCT_NAME.app/Contents/MacOS/$PRODUCT_NAME\";\nmkdir -p \"$TARGET_BUILD_DIR/$PRODUCT_NAME.app/Contents/Resources/\"\ncp -f \"$ICON_FILE\" \"$TARGET_BUILD_DIR/$PRODUCT_NAME.app/Contents/Resources/\"\n";
		};
/* End PBXShellScriptBuildPhase section */

/* Begin PBXSourcesBuildPhase section */
		E4B69B580A3A1756003C02F2 /* Sources */ = {
			isa = PBXSourcesBuildPhase;
			buildActionMask = 2147483647;
			files = (
				0AC0BD391B6D492B008356D9 /* ofxXmlSettings.cpp in Sources */,
				0A94199E1B701FCE006CDAFD /* guiBaseObject.cpp in Sources */,
				0A94199F1B701FCE006CDAFD /* guiCallback.cpp in Sources */,
				0AC0BD381B6D492B008356D9 /* tinyxmlparser.cpp in Sources */,
				0AC0BD371B6D492B008356D9 /* tinyxmlerror.cpp in Sources */,
				0A9419B11B701FCE006CDAFD /* guiTypeToggle.cpp in Sources */,
				0A9419AF1B701FCE006CDAFD /* guiTypeTextDropDown.cpp in Sources */,
				0A9419A01B701FCE006CDAFD /* guiCallbackValue.cpp in Sources */,
				0A0D24B01B1B5A7400E40800 /* TowerFlow.cpp in Sources */,
				0A9419A51B701FCE006CDAFD /* guiTypeChartPlotter.cpp in Sources */,
				0AC0BD361B6D492B008356D9 /* tinyxml.cpp in Sources */,
				0A57186B1B0C1259005C31BB /* Ball.cpp in Sources */,
				0A49948D1B460DF300430BD4 /* StreamScene.cpp in Sources */,
				0A5718671B07BC97005C31BB /* VectorField.cpp in Sources */,
				0A9419B81B701FCE006CDAFD /* simpleLogger.cpp in Sources */,
				0A9419AA1B701FCE006CDAFD /* guiTypeLogger.cpp in Sources */,
				0A9419B31B701FCE006CDAFD /* guiTypeVideo.cpp in Sources */,
				0A9419B51B701FCE006CDAFD /* ofxControlPanel.cpp in Sources */,
				0A9419A61B701FCE006CDAFD /* guiTypeCustom.cpp in Sources */,
				0A9419A71B701FCE006CDAFD /* guiTypeDrawable.cpp in Sources */,
				0A9419AC1B701FCE006CDAFD /* guiTypePanel.cpp in Sources */,
				0A9419A91B701FCE006CDAFD /* guiTypeLabel.cpp in Sources */,
				0A78354E1B1A024F0030E2F6 /* FieldParticle.cpp in Sources */,
				0A60DC1C1B1A10460073D720 /* TowerRepeller.cpp in Sources */,
				0A9419AE1B701FCE006CDAFD /* guiTypeText.cpp in Sources */,
				0A60DC171B1A0FA10073D720 /* TowerRock.cpp in Sources */,
				0A9419B21B701FCE006CDAFD /* guiTypeVairableLister.cpp in Sources */,
				0A9419B71B701FCE006CDAFD /* simpleFileLister.cpp in Sources */,
				0A7343A91B1B7616008B1890 /* TowerPulse.cpp in Sources */,
				0A9419A21B701FCE006CDAFD /* guiTextBase.cpp in Sources */,
				0AE5603B1B3F0B600081156C /* CupTracker.cpp in Sources */,
				0AE560381B3F0A290081156C /* Scene.cpp in Sources */,
				0A9419A81B701FCE006CDAFD /* guiTypeFileLister.cpp in Sources */,
				E4B69E200A3A1BDC003C02F2 /* main.cpp in Sources */,
				0A5718701B0C2275005C31BB /* Tower.cpp in Sources */,
				0A9419A31B701FCE006CDAFD /* guiType2DSlider.cpp in Sources */,
				0A9419AB1B701FCE006CDAFD /* guiTypeMultiToggle.cpp in Sources */,
				0A9419B01B701FCE006CDAFD /* guiTypeTextInput.cpp in Sources */,
				0A9419B61B701FCE006CDAFD /* simpleColor.cpp in Sources */,
				0AE560401B3F0CEB0081156C /* SportsScene.cpp in Sources */,
				0A9419B41B701FCE006CDAFD /* guiValue.cpp in Sources */,
				0A9419A41B701FCE006CDAFD /* guiTypeButtonSlider.cpp in Sources */,
				E4B69E210A3A1BDC003C02F2 /* ofApp.cpp in Sources */,
				0A9419AD1B701FCE006CDAFD /* guiTypeSlider.cpp in Sources */,
				0A9419A11B701FCE006CDAFD /* guiColor.cpp in Sources */,
			);
			runOnlyForDeploymentPostprocessing = 0;
		};
/* End PBXSourcesBuildPhase section */

/* Begin PBXTargetDependency section */
		E4EEB9AC138B136A00A80321 /* PBXTargetDependency */ = {
			isa = PBXTargetDependency;
			name = openFrameworks;
			targetProxy = E4EEB9AB138B136A00A80321 /* PBXContainerItemProxy */;
		};
/* End PBXTargetDependency section */

/* Begin XCBuildConfiguration section */
		E4B69B4E0A3A1720003C02F2 /* Debug */ = {
			isa = XCBuildConfiguration;
			baseConfigurationReference = E4EB6923138AFD0F00A09F29 /* Project.xcconfig */;
			buildSettings = {
				ARCHS = "$(NATIVE_ARCH)";
				CONFIGURATION_BUILD_DIR = "$(SRCROOT)/bin/";
				COPY_PHASE_STRIP = NO;
				DEAD_CODE_STRIPPING = YES;
				GCC_AUTO_VECTORIZATION = YES;
				GCC_ENABLE_SSE3_EXTENSIONS = YES;
				GCC_ENABLE_SUPPLEMENTAL_SSE3_INSTRUCTIONS = YES;
				GCC_INLINES_ARE_PRIVATE_EXTERN = NO;
				GCC_OPTIMIZATION_LEVEL = 0;
				GCC_SYMBOLS_PRIVATE_EXTERN = NO;
				GCC_WARN_ABOUT_DEPRECATED_FUNCTIONS = YES;
				GCC_WARN_ABOUT_INVALID_OFFSETOF_MACRO = NO;
				GCC_WARN_ALLOW_INCOMPLETE_PROTOCOL = NO;
				GCC_WARN_UNINITIALIZED_AUTOS = NO;
				GCC_WARN_UNUSED_VALUE = NO;
				GCC_WARN_UNUSED_VARIABLE = NO;
				HEADER_SEARCH_PATHS = (
					"$(OF_CORE_HEADERS)",
					src,
				);
				MACOSX_DEPLOYMENT_TARGET = 10.6;
				OTHER_CPLUSPLUSFLAGS = (
					"-D__MACOSX_CORE__",
					"-lpthread",
					"-mtune=native",
				);
				SDKROOT = macosx;
			};
			name = Debug;
		};
		E4B69B4F0A3A1720003C02F2 /* Release */ = {
			isa = XCBuildConfiguration;
			baseConfigurationReference = E4EB6923138AFD0F00A09F29 /* Project.xcconfig */;
			buildSettings = {
				ARCHS = "$(NATIVE_ARCH)";
				CONFIGURATION_BUILD_DIR = "$(SRCROOT)/bin/";
				COPY_PHASE_STRIP = YES;
				DEAD_CODE_STRIPPING = YES;
				GCC_AUTO_VECTORIZATION = YES;
				GCC_ENABLE_SSE3_EXTENSIONS = YES;
				GCC_ENABLE_SUPPLEMENTAL_SSE3_INSTRUCTIONS = YES;
				GCC_INLINES_ARE_PRIVATE_EXTERN = NO;
				GCC_OPTIMIZATION_LEVEL = 3;
				GCC_SYMBOLS_PRIVATE_EXTERN = NO;
				GCC_UNROLL_LOOPS = YES;
				GCC_WARN_ABOUT_DEPRECATED_FUNCTIONS = YES;
				GCC_WARN_ABOUT_INVALID_OFFSETOF_MACRO = NO;
				GCC_WARN_ALLOW_INCOMPLETE_PROTOCOL = NO;
				GCC_WARN_UNINITIALIZED_AUTOS = NO;
				GCC_WARN_UNUSED_VALUE = NO;
				GCC_WARN_UNUSED_VARIABLE = NO;
				HEADER_SEARCH_PATHS = (
					"$(OF_CORE_HEADERS)",
					src,
				);
				MACOSX_DEPLOYMENT_TARGET = 10.6;
				OTHER_CPLUSPLUSFLAGS = (
					"-D__MACOSX_CORE__",
					"-lpthread",
					"-mtune=native",
				);
				SDKROOT = macosx;
			};
			name = Release;
		};
		E4B69B600A3A1757003C02F2 /* Debug */ = {
			isa = XCBuildConfiguration;
			buildSettings = {
				COMBINE_HIDPI_IMAGES = YES;
				COPY_PHASE_STRIP = NO;
				FRAMEWORK_SEARCH_PATHS = (
					"$(inherited)",
					"$(FRAMEWORK_SEARCH_PATHS_QUOTED_FOR_TARGET_1)",
				);
				FRAMEWORK_SEARCH_PATHS_QUOTED_FOR_TARGET_1 = "\"$(SRCROOT)/../../../libs/glut/lib/osx\"";
				GCC_DYNAMIC_NO_PIC = NO;
				GCC_GENERATE_DEBUGGING_SYMBOLS = YES;
				GCC_MODEL_TUNING = NONE;
				ICON = "$(ICON_NAME_DEBUG)";
				ICON_FILE = "$(ICON_FILE_PATH)$(ICON)";
				INFOPLIST_FILE = "openFrameworks-Info.plist";
				INSTALL_PATH = "$(HOME)/Applications";
				LIBRARY_SEARCH_PATHS = (
					"$(inherited)",
					"$(LIBRARY_SEARCH_PATHS_QUOTED_FOR_TARGET_1)",
					"$(LIBRARY_SEARCH_PATHS_QUOTED_FOR_TARGET_2)",
					"$(LIBRARY_SEARCH_PATHS_QUOTED_FOR_TARGET_3)",
					"$(LIBRARY_SEARCH_PATHS_QUOTED_FOR_TARGET_4)",
					"$(LIBRARY_SEARCH_PATHS_QUOTED_FOR_TARGET_5)",
					"$(LIBRARY_SEARCH_PATHS_QUOTED_FOR_TARGET_6)",
					"$(LIBRARY_SEARCH_PATHS_QUOTED_FOR_TARGET_7)",
					"$(LIBRARY_SEARCH_PATHS_QUOTED_FOR_TARGET_8)",
					"$(LIBRARY_SEARCH_PATHS_QUOTED_FOR_TARGET_9)",
					"$(LIBRARY_SEARCH_PATHS_QUOTED_FOR_TARGET_10)",
					"$(LIBRARY_SEARCH_PATHS_QUOTED_FOR_TARGET_11)",
					"$(LIBRARY_SEARCH_PATHS_QUOTED_FOR_TARGET_12)",
					"$(LIBRARY_SEARCH_PATHS_QUOTED_FOR_TARGET_13)",
					"$(LIBRARY_SEARCH_PATHS_QUOTED_FOR_TARGET_14)",
					"$(LIBRARY_SEARCH_PATHS_QUOTED_FOR_TARGET_15)",
					"$(LIBRARY_SEARCH_PATHS_QUOTED_FOR_TARGET_2)",
					"$(LIBRARY_SEARCH_PATHS_QUOTED_FOR_TARGET_3)",
					"$(LIBRARY_SEARCH_PATHS_QUOTED_FOR_TARGET_7)",
					"$(LIBRARY_SEARCH_PATHS_QUOTED_FOR_TARGET_8)",
					"$(LIBRARY_SEARCH_PATHS_QUOTED_FOR_TARGET_9)",
					"$(LIBRARY_SEARCH_PATHS_QUOTED_FOR_TARGET_10)",
					"$(LIBRARY_SEARCH_PATHS_QUOTED_FOR_TARGET_11)",
					"$(LIBRARY_SEARCH_PATHS_QUOTED_FOR_TARGET_12)",
					"$(LIBRARY_SEARCH_PATHS_QUOTED_FOR_TARGET_13)",
					"$(LIBRARY_SEARCH_PATHS_QUOTED_FOR_TARGET_16)",
					"$(LIBRARY_SEARCH_PATHS_QUOTED_FOR_TARGET_17)",
					"$(LIBRARY_SEARCH_PATHS_QUOTED_FOR_TARGET_18)",
					"$(LIBRARY_SEARCH_PATHS_QUOTED_FOR_TARGET_19)",
					"$(LIBRARY_SEARCH_PATHS_QUOTED_FOR_TARGET_20)",
					"$(LIBRARY_SEARCH_PATHS_QUOTED_FOR_TARGET_21)",
					"$(LIBRARY_SEARCH_PATHS_QUOTED_FOR_TARGET_22)",
					"$(LIBRARY_SEARCH_PATHS_QUOTED_FOR_TARGET_23)",
					"$(LIBRARY_SEARCH_PATHS_QUOTED_FOR_TARGET_24)",
					"$(LIBRARY_SEARCH_PATHS_QUOTED_FOR_TARGET_25)",
					"$(LIBRARY_SEARCH_PATHS_QUOTED_FOR_TARGET_26)",
					"$(LIBRARY_SEARCH_PATHS_QUOTED_FOR_TARGET_27)",
					"$(LIBRARY_SEARCH_PATHS_QUOTED_FOR_TARGET_28)",
					"$(LIBRARY_SEARCH_PATHS_QUOTED_FOR_TARGET_29)",
					"$(LIBRARY_SEARCH_PATHS_QUOTED_FOR_TARGET_30)",
					"$(LIBRARY_SEARCH_PATHS_QUOTED_FOR_TARGET_31)",
					"$(LIBRARY_SEARCH_PATHS_QUOTED_FOR_TARGET_32)",
					"$(LIBRARY_SEARCH_PATHS_QUOTED_FOR_TARGET_33)",
					"$(LIBRARY_SEARCH_PATHS_QUOTED_FOR_TARGET_34)",
					"$(LIBRARY_SEARCH_PATHS_QUOTED_FOR_TARGET_35)",
					"$(LIBRARY_SEARCH_PATHS_QUOTED_FOR_TARGET_36)",
					"$(LIBRARY_SEARCH_PATHS_QUOTED_FOR_TARGET_37)",
					"$(LIBRARY_SEARCH_PATHS_QUOTED_FOR_TARGET_38)",
					"$(LIBRARY_SEARCH_PATHS_QUOTED_FOR_TARGET_39)",
					"$(LIBRARY_SEARCH_PATHS_QUOTED_FOR_TARGET_40)",
					"$(LIBRARY_SEARCH_PATHS_QUOTED_FOR_TARGET_41)",
					"$(LIBRARY_SEARCH_PATHS_QUOTED_FOR_TARGET_42)",
					"$(LIBRARY_SEARCH_PATHS_QUOTED_FOR_TARGET_43)",
					"$(LIBRARY_SEARCH_PATHS_QUOTED_FOR_TARGET_44)",
					"$(LIBRARY_SEARCH_PATHS_QUOTED_FOR_TARGET_45)",
					"$(LIBRARY_SEARCH_PATHS_QUOTED_FOR_TARGET_46)",
					"$(LIBRARY_SEARCH_PATHS_QUOTED_FOR_TARGET_47)",
					"$(LIBRARY_SEARCH_PATHS_QUOTED_FOR_TARGET_48)",
					"$(LIBRARY_SEARCH_PATHS_QUOTED_FOR_TARGET_49)",
					"$(LIBRARY_SEARCH_PATHS_QUOTED_FOR_TARGET_50)",
					"$(LIBRARY_SEARCH_PATHS_QUOTED_FOR_TARGET_51)",
					"$(LIBRARY_SEARCH_PATHS_QUOTED_FOR_TARGET_52)",
				);
				PRODUCT_NAME = TabelToyDebug;
				WRAPPER_EXTENSION = app;
			};
			name = Debug;
		};
		E4B69B610A3A1757003C02F2 /* Release */ = {
			isa = XCBuildConfiguration;
			buildSettings = {
				COMBINE_HIDPI_IMAGES = YES;
				COPY_PHASE_STRIP = YES;
				FRAMEWORK_SEARCH_PATHS = (
					"$(inherited)",
					"$(FRAMEWORK_SEARCH_PATHS_QUOTED_FOR_TARGET_1)",
				);
				FRAMEWORK_SEARCH_PATHS_QUOTED_FOR_TARGET_1 = "\"$(SRCROOT)/../../../libs/glut/lib/osx\"";
				GCC_GENERATE_DEBUGGING_SYMBOLS = YES;
				GCC_MODEL_TUNING = NONE;
				ICON = "$(ICON_NAME_RELEASE)";
				ICON_FILE = "$(ICON_FILE_PATH)$(ICON)";
				INFOPLIST_FILE = "openFrameworks-Info.plist";
				INSTALL_PATH = "$(HOME)/Applications";
				LIBRARY_SEARCH_PATHS = (
					"$(inherited)",
					"$(LIBRARY_SEARCH_PATHS_QUOTED_FOR_TARGET_1)",
					"$(LIBRARY_SEARCH_PATHS_QUOTED_FOR_TARGET_2)",
					"$(LIBRARY_SEARCH_PATHS_QUOTED_FOR_TARGET_3)",
					"$(LIBRARY_SEARCH_PATHS_QUOTED_FOR_TARGET_4)",
					"$(LIBRARY_SEARCH_PATHS_QUOTED_FOR_TARGET_5)",
					"$(LIBRARY_SEARCH_PATHS_QUOTED_FOR_TARGET_6)",
					"$(LIBRARY_SEARCH_PATHS_QUOTED_FOR_TARGET_7)",
					"$(LIBRARY_SEARCH_PATHS_QUOTED_FOR_TARGET_8)",
					"$(LIBRARY_SEARCH_PATHS_QUOTED_FOR_TARGET_9)",
					"$(LIBRARY_SEARCH_PATHS_QUOTED_FOR_TARGET_10)",
					"$(LIBRARY_SEARCH_PATHS_QUOTED_FOR_TARGET_11)",
					"$(LIBRARY_SEARCH_PATHS_QUOTED_FOR_TARGET_12)",
					"$(LIBRARY_SEARCH_PATHS_QUOTED_FOR_TARGET_13)",
					"$(LIBRARY_SEARCH_PATHS_QUOTED_FOR_TARGET_14)",
					"$(LIBRARY_SEARCH_PATHS_QUOTED_FOR_TARGET_15)",
					"$(LIBRARY_SEARCH_PATHS_QUOTED_FOR_TARGET_2)",
					"$(LIBRARY_SEARCH_PATHS_QUOTED_1)",
					"$(LIBRARY_SEARCH_PATHS_QUOTED_FOR_TARGET_3)",
					"$(LIBRARY_SEARCH_PATHS_QUOTED_FOR_TARGET_7)",
					"$(LIBRARY_SEARCH_PATHS_QUOTED_FOR_TARGET_8)",
					"$(LIBRARY_SEARCH_PATHS_QUOTED_FOR_TARGET_9)",
					"$(LIBRARY_SEARCH_PATHS_QUOTED_FOR_TARGET_10)",
					"$(LIBRARY_SEARCH_PATHS_QUOTED_FOR_TARGET_11)",
					"$(LIBRARY_SEARCH_PATHS_QUOTED_FOR_TARGET_12)",
					"$(LIBRARY_SEARCH_PATHS_QUOTED_FOR_TARGET_13)",
					"$(LIBRARY_SEARCH_PATHS_QUOTED_FOR_TARGET_16)",
					"$(LIBRARY_SEARCH_PATHS_QUOTED_FOR_TARGET_17)",
					"$(LIBRARY_SEARCH_PATHS_QUOTED_FOR_TARGET_18)",
					"$(LIBRARY_SEARCH_PATHS_QUOTED_FOR_TARGET_19)",
					"$(LIBRARY_SEARCH_PATHS_QUOTED_FOR_TARGET_20)",
					"$(LIBRARY_SEARCH_PATHS_QUOTED_FOR_TARGET_21)",
					"$(LIBRARY_SEARCH_PATHS_QUOTED_FOR_TARGET_22)",
					"$(LIBRARY_SEARCH_PATHS_QUOTED_FOR_TARGET_23)",
					"$(LIBRARY_SEARCH_PATHS_QUOTED_FOR_TARGET_24)",
					"$(LIBRARY_SEARCH_PATHS_QUOTED_FOR_TARGET_25)",
					"$(LIBRARY_SEARCH_PATHS_QUOTED_FOR_TARGET_26)",
					"$(LIBRARY_SEARCH_PATHS_QUOTED_FOR_TARGET_27)",
					"$(LIBRARY_SEARCH_PATHS_QUOTED_FOR_TARGET_28)",
					"$(LIBRARY_SEARCH_PATHS_QUOTED_FOR_TARGET_29)",
					"$(LIBRARY_SEARCH_PATHS_QUOTED_FOR_TARGET_30)",
					"$(LIBRARY_SEARCH_PATHS_QUOTED_FOR_TARGET_31)",
					"$(LIBRARY_SEARCH_PATHS_QUOTED_FOR_TARGET_32)",
					"$(LIBRARY_SEARCH_PATHS_QUOTED_FOR_TARGET_33)",
					"$(LIBRARY_SEARCH_PATHS_QUOTED_FOR_TARGET_34)",
					"$(LIBRARY_SEARCH_PATHS_QUOTED_FOR_TARGET_35)",
					"$(LIBRARY_SEARCH_PATHS_QUOTED_FOR_TARGET_36)",
					"$(LIBRARY_SEARCH_PATHS_QUOTED_FOR_TARGET_37)",
					"$(LIBRARY_SEARCH_PATHS_QUOTED_FOR_TARGET_38)",
					"$(LIBRARY_SEARCH_PATHS_QUOTED_FOR_TARGET_39)",
					"$(LIBRARY_SEARCH_PATHS_QUOTED_FOR_TARGET_40)",
					"$(LIBRARY_SEARCH_PATHS_QUOTED_FOR_TARGET_41)",
					"$(LIBRARY_SEARCH_PATHS_QUOTED_FOR_TARGET_42)",
					"$(LIBRARY_SEARCH_PATHS_QUOTED_FOR_TARGET_43)",
					"$(LIBRARY_SEARCH_PATHS_QUOTED_FOR_TARGET_44)",
					"$(LIBRARY_SEARCH_PATHS_QUOTED_FOR_TARGET_45)",
					"$(LIBRARY_SEARCH_PATHS_QUOTED_FOR_TARGET_46)",
					"$(LIBRARY_SEARCH_PATHS_QUOTED_FOR_TARGET_47)",
					"$(LIBRARY_SEARCH_PATHS_QUOTED_FOR_TARGET_48)",
					"$(LIBRARY_SEARCH_PATHS_QUOTED_FOR_TARGET_49)",
					"$(LIBRARY_SEARCH_PATHS_QUOTED_FOR_TARGET_50)",
					"$(LIBRARY_SEARCH_PATHS_QUOTED_FOR_TARGET_51)",
				);
				PRODUCT_NAME = TabelToy;
				WRAPPER_EXTENSION = app;
			};
			name = Release;
		};
/* End XCBuildConfiguration section */

/* Begin XCConfigurationList section */
		E4B69B4D0A3A1720003C02F2 /* Build configuration list for PBXProject "TabelToy" */ = {
			isa = XCConfigurationList;
			buildConfigurations = (
				E4B69B4E0A3A1720003C02F2 /* Debug */,
				E4B69B4F0A3A1720003C02F2 /* Release */,
			);
			defaultConfigurationIsVisible = 0;
			defaultConfigurationName = Release;
		};
		E4B69B5F0A3A1757003C02F2 /* Build configuration list for PBXNativeTarget "TabelToy" */ = {
			isa = XCConfigurationList;
			buildConfigurations = (
				E4B69B600A3A1757003C02F2 /* Debug */,
				E4B69B610A3A1757003C02F2 /* Release */,
			);
			defaultConfigurationIsVisible = 0;
			defaultConfigurationName = Release;
		};
/* End XCConfigurationList section */
	};
	rootObject = E4B69B4C0A3A1720003C02F2 /* Project object */;
}
